
Microsoft Visual Studio Solution File, Format Version 12.00
# Visual Studio 14
VisualStudioVersion = 14.0.25420.1
MinimumVisualStudioVersion = 10.0.40219.1
Project("{FAE04EC0-301F-11D3-BF4B-00C04F79EFBC}") = "scheduler_consola", "scheduler_consola\scheduler_consola.csproj", "{5D777721-1DCD-4ECD-B47F-636D43D4B671}"
EndProject
Project("{FAE04EC0-301F-11D3-BF4B-00C04F79EFBC}") = "escriure_lletra", "..\esciure_lletra\escriure_lletra\escriure_lletra\escriure_lletra.csproj", "{0C8D87C3-9C4D-4886-BA41-14EFC199EED9}"
EndProject
Global
	GlobalSection(SolutionConfigurationPlatforms) = preSolution
		Debug|Any CPU = Debug|Any CPU
		Release|Any CPU = Release|Any CPU
	EndGlobalSection
	GlobalSection(ProjectConfigurationPlatforms) = postSolution
		{5D777721-1DCD-4ECD-B47F-636D43D4B671}.Debug|Any CPU.ActiveCfg = Debug|Any CPU
		{5D777721-1DCD-4ECD-B47F-636D43D4B671}.Debug|Any CPU.Build.0 = Debug|Any CPU
		{5D777721-1DCD-4ECD-B47F-636D43D4B671}.Release|Any CPU.ActiveCfg = Release|Any CPU
		{5D777721-1DCD-4ECD-B47F-636D43D4B671}.Release|Any CPU.Build.0 = Release|Any CPU
		{0C8D87C3-9C4D-4886-BA41-14EFC199EED9}.Debug|Any CPU.ActiveCfg = Debug|Any CPU
		{0C8D87C3-9C4D-4886-BA41-14EFC199EED9}.Debug|Any CPU.Build.0 = Debug|Any CPU
		{0C8D87C3-9C4D-4886-BA41-14EFC199EED9}.Release|Any CPU.ActiveCfg = Release|Any CPU
		{0C8D87C3-9C4D-4886-BA41-14EFC199EED9}.Release|Any CPU.Build.0 = Release|Any CPU
	EndGlobalSection
	GlobalSection(SolutionProperties) = preSolution
		HideSolutionNode = FALSE
	EndGlobalSection
EndGlobal
